
Microsoft Visual Studio Solution File, Format Version 12.00
# Visual Studio Version 17
VisualStudioVersion = 17.5.33502.453
MinimumVisualStudioVersion = 10.0.40219.1
Project("{FAE04EC0-301F-11D3-BF4B-00C04F79EFBC}") = "StrongManGym", "StrongManGym\StrongManGym.csproj", "{CAA90D9C-AF15-44E2-BB7A-A79FF4636661}"
EndProject
Global
	GlobalSection(SolutionConfigurationPlatforms) = preSolution
		Debug|Any CPU = Debug|Any CPU
		Release|Any CPU = Release|Any CPU
	EndGlobalSection
	GlobalSection(ProjectConfigurationPlatforms) = postSolution
		{CAA90D9C-AF15-44E2-BB7A-A79FF4636661}.Debug|Any CPU.ActiveCfg = Debug|Any CPU
		{CAA90D9C-AF15-44E2-BB7A-A79FF4636661}.Debug|Any CPU.Build.0 = Debug|Any CPU
		{CAA90D9C-AF15-44E2-BB7A-A79FF4636661}.Release|Any CPU.ActiveCfg = Release|Any CPU
		{CAA90D9C-AF15-44E2-BB7A-A79FF4636661}.Release|Any CPU.Build.0 = Release|Any CPU
	EndGlobalSection
	GlobalSection(SolutionProperties) = preSolution
		HideSolutionNode = FALSE
	EndGlobalSection
	GlobalSection(ExtensibilityGlobals) = postSolution
		SolutionGuid = {FE40BDE3-5DFE-4FEE-85E6-121E20B3F0DF}
	EndGlobalSection
EndGlobal
